
Microsoft Visual Studio Solution File, Format Version 12.00
# Visual Studio 15
VisualStudioVersion = 15.0.28010.2050
MinimumVisualStudioVersion = 10.0.40219.1
Project("{FAE04EC0-301F-11D3-BF4B-00C04F79EFBC}") = "Delve", "Delve\Delve.csproj", "{82026D0F-7C93-49D1-8A71-8EA197E9A83E}"
EndProject
Project("{FAE04EC0-301F-11D3-BF4B-00C04F79EFBC}") = "DelveLib", "DelveLib\DelveLib.csproj", "{6E4E1C18-6D6A-489F-8639-94E4C7D7D710}"
EndProject
Project("{FAE04EC0-301F-11D3-BF4B-00C04F79EFBC}") = "MonoGame.Framework.Windows", "D:\Git\MonoGame\MonoGame.Framework\MonoGame.Framework.Windows.csproj", "{7DE47032-A904-4C29-BD22-2D235E8D91BA}"
EndProject
Project("{8BC9CEB8-8B4A-11D0-8D11-00A0C91BC942}") = "ImGuiCLI", "ImGuiCLI\ImGuiCLI.vcxproj", "{D8EEDA1A-7DF2-43C2-9339-851CDFCA4B76}"
EndProject
Project("{FAE04EC0-301F-11D3-BF4B-00C04F79EFBC}") = "FAGen", "FAGen\FAGen.csproj", "{55A91717-F414-48FD-9763-467B95F5A0B8}"
EndProject
Project("{FAE04EC0-301F-11D3-BF4B-00C04F79EFBC}") = "CFlat", "CFlat\CFlat.csproj", "{E8F09D1D-7BAE-4606-8B47-C624B3A15BF8}"
EndProject
Project("{FAE04EC0-301F-11D3-BF4B-00C04F79EFBC}") = "geometry3Sharp", "geometry3Sharp\geometry3Sharp.csproj", "{0C518DDA-28FE-44CA-9AB0-F9773974F13A}"
EndProject
Project("{FAE04EC0-301F-11D3-BF4B-00C04F79EFBC}") = "LightJson", "LightJson\LightJson.csproj", "{3BC85E8B-8A37-4015-B4A8-2D973F8622F1}"
EndProject
Project("{FAE04EC0-301F-11D3-BF4B-00C04F79EFBC}") = "SMT", "SMT\SMT.csproj", "{EFA97EB1-83F3-47EB-8EFF-2156FB8E0196}"
EndProject
Project("{9A19103F-16F7-4668-BE54-9A1E7A4F7556}") = "DefaultEcs", "DefaultEcs\DefaultEcs.csproj", "{FEB584BC-0768-4BED-8380-053C11609BFF}"
EndProject
Global
	GlobalSection(SolutionConfigurationPlatforms) = preSolution
		Debug|Any CPU = Debug|Any CPU
		Debug|x64 = Debug|x64
		Debug|x86 = Debug|x86
		Release|Any CPU = Release|Any CPU
		Release|x64 = Release|x64
		Release|x86 = Release|x86
		ReleaseDbg|Any CPU = ReleaseDbg|Any CPU
		ReleaseDbg|x64 = ReleaseDbg|x64
		ReleaseDbg|x86 = ReleaseDbg|x86
	EndGlobalSection
	GlobalSection(ProjectConfigurationPlatforms) = postSolution
		{82026D0F-7C93-49D1-8A71-8EA197E9A83E}.Debug|Any CPU.ActiveCfg = Debug|x86
		{82026D0F-7C93-49D1-8A71-8EA197E9A83E}.Debug|Any CPU.Build.0 = Debug|x86
		{82026D0F-7C93-49D1-8A71-8EA197E9A83E}.Debug|x64.ActiveCfg = Debug|x64
		{82026D0F-7C93-49D1-8A71-8EA197E9A83E}.Debug|x64.Build.0 = Debug|x64
		{82026D0F-7C93-49D1-8A71-8EA197E9A83E}.Debug|x86.ActiveCfg = Debug|x86
		{82026D0F-7C93-49D1-8A71-8EA197E9A83E}.Debug|x86.Build.0 = Debug|x86
		{82026D0F-7C93-49D1-8A71-8EA197E9A83E}.Release|Any CPU.ActiveCfg = Release|x86
		{82026D0F-7C93-49D1-8A71-8EA197E9A83E}.Release|Any CPU.Build.0 = Release|x86
		{82026D0F-7C93-49D1-8A71-8EA197E9A83E}.Release|x64.ActiveCfg = Release|x64
		{82026D0F-7C93-49D1-8A71-8EA197E9A83E}.Release|x64.Build.0 = Release|x64
		{82026D0F-7C93-49D1-8A71-8EA197E9A83E}.Release|x86.ActiveCfg = Release|x86
		{82026D0F-7C93-49D1-8A71-8EA197E9A83E}.Release|x86.Build.0 = Release|x86
		{82026D0F-7C93-49D1-8A71-8EA197E9A83E}.ReleaseDbg|Any CPU.ActiveCfg = ReleaseDbg|x86
		{82026D0F-7C93-49D1-8A71-8EA197E9A83E}.ReleaseDbg|x64.ActiveCfg = Release|x64
		{82026D0F-7C93-49D1-8A71-8EA197E9A83E}.ReleaseDbg|x64.Build.0 = Release|x64
		{82026D0F-7C93-49D1-8A71-8EA197E9A83E}.ReleaseDbg|x86.ActiveCfg = ReleaseDbg|x86
		{82026D0F-7C93-49D1-8A71-8EA197E9A83E}.ReleaseDbg|x86.Build.0 = ReleaseDbg|x86
		{6E4E1C18-6D6A-489F-8639-94E4C7D7D710}.Debug|Any CPU.ActiveCfg = Debug|Any CPU
		{6E4E1C18-6D6A-489F-8639-94E4C7D7D710}.Debug|Any CPU.Build.0 = Debug|Any CPU
		{6E4E1C18-6D6A-489F-8639-94E4C7D7D710}.Debug|x64.ActiveCfg = Debug|x64
		{6E4E1C18-6D6A-489F-8639-94E4C7D7D710}.Debug|x64.Build.0 = Debug|x64
		{6E4E1C18-6D6A-489F-8639-94E4C7D7D710}.Debug|x86.ActiveCfg = Debug|Any CPU
		{6E4E1C18-6D6A-489F-8639-94E4C7D7D710}.Debug|x86.Build.0 = Debug|Any CPU
		{6E4E1C18-6D6A-489F-8639-94E4C7D7D710}.Release|Any CPU.ActiveCfg = Release|Any CPU
		{6E4E1C18-6D6A-489F-8639-94E4C7D7D710}.Release|Any CPU.Build.0 = Release|Any CPU
		{6E4E1C18-6D6A-489F-8639-94E4C7D7D710}.Release|x64.ActiveCfg = Release|x64
		{6E4E1C18-6D6A-489F-8639-94E4C7D7D710}.Release|x64.Build.0 = Release|x64
		{6E4E1C18-6D6A-489F-8639-94E4C7D7D710}.Release|x86.ActiveCfg = Release|Any CPU
		{6E4E1C18-6D6A-489F-8639-94E4C7D7D710}.Release|x86.Build.0 = Release|Any CPU
		{6E4E1C18-6D6A-489F-8639-94E4C7D7D710}.ReleaseDbg|Any CPU.ActiveCfg = ReleaseDbg|Any CPU
		{6E4E1C18-6D6A-489F-8639-94E4C7D7D710}.ReleaseDbg|Any CPU.Build.0 = ReleaseDbg|Any CPU
		{6E4E1C18-6D6A-489F-8639-94E4C7D7D710}.ReleaseDbg|x64.ActiveCfg = ReleaseDbg|Any CPU
		{6E4E1C18-6D6A-489F-8639-94E4C7D7D710}.ReleaseDbg|x64.Build.0 = ReleaseDbg|Any CPU
		{6E4E1C18-6D6A-489F-8639-94E4C7D7D710}.ReleaseDbg|x86.ActiveCfg = ReleaseDbg|Any CPU
		{6E4E1C18-6D6A-489F-8639-94E4C7D7D710}.ReleaseDbg|x86.Build.0 = ReleaseDbg|Any CPU
		{7DE47032-A904-4C29-BD22-2D235E8D91BA}.Debug|Any CPU.ActiveCfg = Debug|Any CPU
		{7DE47032-A904-4C29-BD22-2D235E8D91BA}.Debug|Any CPU.Build.0 = Debug|Any CPU
		{7DE47032-A904-4C29-BD22-2D235E8D91BA}.Debug|x64.ActiveCfg = Debug|Any CPU
		{7DE47032-A904-4C29-BD22-2D235E8D91BA}.Debug|x64.Build.0 = Debug|Any CPU
		{7DE47032-A904-4C29-BD22-2D235E8D91BA}.Debug|x86.ActiveCfg = Debug|Any CPU
		{7DE47032-A904-4C29-BD22-2D235E8D91BA}.Debug|x86.Build.0 = Debug|Any CPU
		{7DE47032-A904-4C29-BD22-2D235E8D91BA}.Release|Any CPU.ActiveCfg = Release|Any CPU
		{7DE47032-A904-4C29-BD22-2D235E8D91BA}.Release|Any CPU.Build.0 = Release|Any CPU
		{7DE47032-A904-4C29-BD22-2D235E8D91BA}.Release|x64.ActiveCfg = Release|Any CPU
		{7DE47032-A904-4C29-BD22-2D235E8D91BA}.Release|x64.Build.0 = Release|Any CPU
		{7DE47032-A904-4C29-BD22-2D235E8D91BA}.Release|x86.ActiveCfg = Release|Any CPU
		{7DE47032-A904-4C29-BD22-2D235E8D91BA}.Release|x86.Build.0 = Release|Any CPU
		{7DE47032-A904-4C29-BD22-2D235E8D91BA}.ReleaseDbg|Any CPU.ActiveCfg = ReleaseDbg|Any CPU
		{7DE47032-A904-4C29-BD22-2D235E8D91BA}.ReleaseDbg|Any CPU.Build.0 = ReleaseDbg|Any CPU
		{7DE47032-A904-4C29-BD22-2D235E8D91BA}.ReleaseDbg|x64.ActiveCfg = ReleaseDbg|Any CPU
		{7DE47032-A904-4C29-BD22-2D235E8D91BA}.ReleaseDbg|x64.Build.0 = ReleaseDbg|Any CPU
		{7DE47032-A904-4C29-BD22-2D235E8D91BA}.ReleaseDbg|x86.ActiveCfg = ReleaseDbg|Any CPU
		{7DE47032-A904-4C29-BD22-2D235E8D91BA}.ReleaseDbg|x86.Build.0 = ReleaseDbg|Any CPU
		{D8EEDA1A-7DF2-43C2-9339-851CDFCA4B76}.Debug|Any CPU.ActiveCfg = Debug|Win32
		{D8EEDA1A-7DF2-43C2-9339-851CDFCA4B76}.Debug|x64.ActiveCfg = Debug|x64
		{D8EEDA1A-7DF2-43C2-9339-851CDFCA4B76}.Debug|x64.Build.0 = Debug|x64
		{D8EEDA1A-7DF2-43C2-9339-851CDFCA4B76}.Debug|x86.ActiveCfg = Debug|Win32
		{D8EEDA1A-7DF2-43C2-9339-851CDFCA4B76}.Debug|x86.Build.0 = Debug|Win32
		{D8EEDA1A-7DF2-43C2-9339-851CDFCA4B76}.Release|Any CPU.ActiveCfg = Release|Win32
		{D8EEDA1A-7DF2-43C2-9339-851CDFCA4B76}.Release|x64.ActiveCfg = Release|x64
		{D8EEDA1A-7DF2-43C2-9339-851CDFCA4B76}.Release|x64.Build.0 = Release|x64
		{D8EEDA1A-7DF2-43C2-9339-851CDFCA4B76}.Release|x86.ActiveCfg = Release|Win32
		{D8EEDA1A-7DF2-43C2-9339-851CDFCA4B76}.Release|x86.Build.0 = Release|Win32
		{D8EEDA1A-7DF2-43C2-9339-851CDFCA4B76}.ReleaseDbg|Any CPU.ActiveCfg = ReleaseDbg|Win32
		{D8EEDA1A-7DF2-43C2-9339-851CDFCA4B76}.ReleaseDbg|x64.ActiveCfg = ReleaseDbg|x64
		{D8EEDA1A-7DF2-43C2-9339-851CDFCA4B76}.ReleaseDbg|x64.Build.0 = ReleaseDbg|x64
		{D8EEDA1A-7DF2-43C2-9339-851CDFCA4B76}.ReleaseDbg|x86.ActiveCfg = ReleaseDbg|Win32
		{D8EEDA1A-7DF2-43C2-9339-851CDFCA4B76}.ReleaseDbg|x86.Build.0 = ReleaseDbg|Win32
		{55A91717-F414-48FD-9763-467B95F5A0B8}.Debug|Any CPU.ActiveCfg = Debug|Any CPU
		{55A91717-F414-48FD-9763-467B95F5A0B8}.Debug|Any CPU.Build.0 = Debug|Any CPU
		{55A91717-F414-48FD-9763-467B95F5A0B8}.Debug|x64.ActiveCfg = Debug|Any CPU
		{55A91717-F414-48FD-9763-467B95F5A0B8}.Debug|x64.Build.0 = Debug|Any CPU
		{55A91717-F414-48FD-9763-467B95F5A0B8}.Debug|x86.ActiveCfg = Debug|Any CPU
		{55A91717-F414-48FD-9763-467B95F5A0B8}.Debug|x86.Build.0 = Debug|Any CPU
		{55A91717-F414-48FD-9763-467B95F5A0B8}.Release|Any CPU.ActiveCfg = Release|Any CPU
		{55A91717-F414-48FD-9763-467B95F5A0B8}.Release|Any CPU.Build.0 = Release|Any CPU
		{55A91717-F414-48FD-9763-467B95F5A0B8}.Release|x64.ActiveCfg = Release|Any CPU
		{55A91717-F414-48FD-9763-467B95F5A0B8}.Release|x64.Build.0 = Release|Any CPU
		{55A91717-F414-48FD-9763-467B95F5A0B8}.Release|x86.ActiveCfg = Release|Any CPU
		{55A91717-F414-48FD-9763-467B95F5A0B8}.Release|x86.Build.0 = Release|Any CPU
		{55A91717-F414-48FD-9763-467B95F5A0B8}.ReleaseDbg|Any CPU.ActiveCfg = ReleaseDbg|Any CPU
		{55A91717-F414-48FD-9763-467B95F5A0B8}.ReleaseDbg|Any CPU.Build.0 = ReleaseDbg|Any CPU
		{55A91717-F414-48FD-9763-467B95F5A0B8}.ReleaseDbg|x64.ActiveCfg = ReleaseDbg|Any CPU
		{55A91717-F414-48FD-9763-467B95F5A0B8}.ReleaseDbg|x64.Build.0 = ReleaseDbg|Any CPU
		{55A91717-F414-48FD-9763-467B95F5A0B8}.ReleaseDbg|x86.ActiveCfg = ReleaseDbg|Any CPU
		{55A91717-F414-48FD-9763-467B95F5A0B8}.ReleaseDbg|x86.Build.0 = ReleaseDbg|Any CPU
		{E8F09D1D-7BAE-4606-8B47-C624B3A15BF8}.Debug|Any CPU.ActiveCfg = Debug|Any CPU
		{E8F09D1D-7BAE-4606-8B47-C624B3A15BF8}.Debug|Any CPU.Build.0 = Debug|Any CPU
		{E8F09D1D-7BAE-4606-8B47-C624B3A15BF8}.Debug|x64.ActiveCfg = Debug|Any CPU
		{E8F09D1D-7BAE-4606-8B47-C624B3A15BF8}.Debug|x64.Build.0 = Debug|Any CPU
		{E8F09D1D-7BAE-4606-8B47-C624B3A15BF8}.Debug|x86.ActiveCfg = Debug|Any CPU
		{E8F09D1D-7BAE-4606-8B47-C624B3A15BF8}.Debug|x86.Build.0 = Debug|Any CPU
		{E8F09D1D-7BAE-4606-8B47-C624B3A15BF8}.Release|Any CPU.ActiveCfg = Release|Any CPU
		{E8F09D1D-7BAE-4606-8B47-C624B3A15BF8}.Release|Any CPU.Build.0 = Release|Any CPU
		{E8F09D1D-7BAE-4606-8B47-C624B3A15BF8}.Release|x64.ActiveCfg = Release|Any CPU
		{E8F09D1D-7BAE-4606-8B47-C624B3A15BF8}.Release|x64.Build.0 = Release|Any CPU
		{E8F09D1D-7BAE-4606-8B47-C624B3A15BF8}.Release|x86.ActiveCfg = Release|Any CPU
		{E8F09D1D-7BAE-4606-8B47-C624B3A15BF8}.Release|x86.Build.0 = Release|Any CPU
		{E8F09D1D-7BAE-4606-8B47-C624B3A15BF8}.ReleaseDbg|Any CPU.ActiveCfg = Release|Any CPU
		{E8F09D1D-7BAE-4606-8B47-C624B3A15BF8}.ReleaseDbg|Any CPU.Build.0 = Release|Any CPU
		{E8F09D1D-7BAE-4606-8B47-C624B3A15BF8}.ReleaseDbg|x64.ActiveCfg = Release|Any CPU
		{E8F09D1D-7BAE-4606-8B47-C624B3A15BF8}.ReleaseDbg|x64.Build.0 = Release|Any CPU
		{E8F09D1D-7BAE-4606-8B47-C624B3A15BF8}.ReleaseDbg|x86.ActiveCfg = Release|Any CPU
		{E8F09D1D-7BAE-4606-8B47-C624B3A15BF8}.ReleaseDbg|x86.Build.0 = Release|Any CPU
		{0C518DDA-28FE-44CA-9AB0-F9773974F13A}.Debug|Any CPU.ActiveCfg = Debug|Any CPU
		{0C518DDA-28FE-44CA-9AB0-F9773974F13A}.Debug|Any CPU.Build.0 = Debug|Any CPU
		{0C518DDA-28FE-44CA-9AB0-F9773974F13A}.Debug|x64.ActiveCfg = Debug|Any CPU
		{0C518DDA-28FE-44CA-9AB0-F9773974F13A}.Debug|x64.Build.0 = Debug|Any CPU
		{0C518DDA-28FE-44CA-9AB0-F9773974F13A}.Debug|x86.ActiveCfg = Debug|Any CPU
		{0C518DDA-28FE-44CA-9AB0-F9773974F13A}.Debug|x86.Build.0 = Debug|Any CPU
		{0C518DDA-28FE-44CA-9AB0-F9773974F13A}.Release|Any CPU.ActiveCfg = Release|Any CPU
		{0C518DDA-28FE-44CA-9AB0-F9773974F13A}.Release|Any CPU.Build.0 = Release|Any CPU
		{0C518DDA-28FE-44CA-9AB0-F9773974F13A}.Release|x64.ActiveCfg = Release|Any CPU
		{0C518DDA-28FE-44CA-9AB0-F9773974F13A}.Release|x64.Build.0 = Release|Any CPU
		{0C518DDA-28FE-44CA-9AB0-F9773974F13A}.Release|x86.ActiveCfg = Release|Any CPU
		{0C518DDA-28FE-44CA-9AB0-F9773974F13A}.Release|x86.Build.0 = Release|Any CPU
		{0C518DDA-28FE-44CA-9AB0-F9773974F13A}.ReleaseDbg|Any CPU.ActiveCfg = Release|Any CPU
		{0C518DDA-28FE-44CA-9AB0-F9773974F13A}.ReleaseDbg|Any CPU.Build.0 = Release|Any CPU
		{0C518DDA-28FE-44CA-9AB0-F9773974F13A}.ReleaseDbg|x64.ActiveCfg = Release|Any CPU
		{0C518DDA-28FE-44CA-9AB0-F9773974F13A}.ReleaseDbg|x64.Build.0 = Release|Any CPU
		{0C518DDA-28FE-44CA-9AB0-F9773974F13A}.ReleaseDbg|x86.ActiveCfg = Release|Any CPU
		{0C518DDA-28FE-44CA-9AB0-F9773974F13A}.ReleaseDbg|x86.Build.0 = Release|Any CPU
		{3BC85E8B-8A37-4015-B4A8-2D973F8622F1}.Debug|Any CPU.ActiveCfg = Debug|Any CPU
		{3BC85E8B-8A37-4015-B4A8-2D973F8622F1}.Debug|Any CPU.Build.0 = Debug|Any CPU
		{3BC85E8B-8A37-4015-B4A8-2D973F8622F1}.Debug|x64.ActiveCfg = Debug|Any CPU
		{3BC85E8B-8A37-4015-B4A8-2D973F8622F1}.Debug|x64.Build.0 = Debug|Any CPU
		{3BC85E8B-8A37-4015-B4A8-2D973F8622F1}.Debug|x86.ActiveCfg = Debug|Any CPU
		{3BC85E8B-8A37-4015-B4A8-2D973F8622F1}.Debug|x86.Build.0 = Debug|Any CPU
		{3BC85E8B-8A37-4015-B4A8-2D973F8622F1}.Release|Any CPU.ActiveCfg = Release|Any CPU
		{3BC85E8B-8A37-4015-B4A8-2D973F8622F1}.Release|Any CPU.Build.0 = Release|Any CPU
		{3BC85E8B-8A37-4015-B4A8-2D973F8622F1}.Release|x64.ActiveCfg = Release|Any CPU
		{3BC85E8B-8A37-4015-B4A8-2D973F8622F1}.Release|x64.Build.0 = Release|Any CPU
		{3BC85E8B-8A37-4015-B4A8-2D973F8622F1}.Release|x86.ActiveCfg = Release|Any CPU
		{3BC85E8B-8A37-4015-B4A8-2D973F8622F1}.Release|x86.Build.0 = Release|Any CPU
		{3BC85E8B-8A37-4015-B4A8-2D973F8622F1}.ReleaseDbg|Any CPU.ActiveCfg = Release|Any CPU
		{3BC85E8B-8A37-4015-B4A8-2D973F8622F1}.ReleaseDbg|Any CPU.Build.0 = Release|Any CPU
		{3BC85E8B-8A37-4015-B4A8-2D973F8622F1}.ReleaseDbg|x64.ActiveCfg = Release|Any CPU
		{3BC85E8B-8A37-4015-B4A8-2D973F8622F1}.ReleaseDbg|x64.Build.0 = Release|Any CPU
		{3BC85E8B-8A37-4015-B4A8-2D973F8622F1}.ReleaseDbg|x86.ActiveCfg = Release|Any CPU
		{3BC85E8B-8A37-4015-B4A8-2D973F8622F1}.ReleaseDbg|x86.Build.0 = Release|Any CPU
		{EFA97EB1-83F3-47EB-8EFF-2156FB8E0196}.Debug|Any CPU.ActiveCfg = Debug|Any CPU
		{EFA97EB1-83F3-47EB-8EFF-2156FB8E0196}.Debug|Any CPU.Build.0 = Debug|Any CPU
		{EFA97EB1-83F3-47EB-8EFF-2156FB8E0196}.Debug|x64.ActiveCfg = Debug|Any CPU
		{EFA97EB1-83F3-47EB-8EFF-2156FB8E0196}.Debug|x64.Build.0 = Debug|Any CPU
		{EFA97EB1-83F3-47EB-8EFF-2156FB8E0196}.Debug|x86.ActiveCfg = Debug|Any CPU
		{EFA97EB1-83F3-47EB-8EFF-2156FB8E0196}.Debug|x86.Build.0 = Debug|Any CPU
		{EFA97EB1-83F3-47EB-8EFF-2156FB8E0196}.Release|Any CPU.ActiveCfg = Release|Any CPU
		{EFA97EB1-83F3-47EB-8EFF-2156FB8E0196}.Release|Any CPU.Build.0 = Release|Any CPU
		{EFA97EB1-83F3-47EB-8EFF-2156FB8E0196}.Release|x64.ActiveCfg = Release|Any CPU
		{EFA97EB1-83F3-47EB-8EFF-2156FB8E0196}.Release|x64.Build.0 = Release|Any CPU
		{EFA97EB1-83F3-47EB-8EFF-2156FB8E0196}.Release|x86.ActiveCfg = Release|Any CPU
		{EFA97EB1-83F3-47EB-8EFF-2156FB8E0196}.Release|x86.Build.0 = Release|Any CPU
		{EFA97EB1-83F3-47EB-8EFF-2156FB8E0196}.ReleaseDbg|Any CPU.ActiveCfg = Release|Any CPU
		{EFA97EB1-83F3-47EB-8EFF-2156FB8E0196}.ReleaseDbg|Any CPU.Build.0 = Release|Any CPU
		{EFA97EB1-83F3-47EB-8EFF-2156FB8E0196}.ReleaseDbg|x64.ActiveCfg = Release|Any CPU
		{EFA97EB1-83F3-47EB-8EFF-2156FB8E0196}.ReleaseDbg|x64.Build.0 = Release|Any CPU
		{EFA97EB1-83F3-47EB-8EFF-2156FB8E0196}.ReleaseDbg|x86.ActiveCfg = Release|Any CPU
		{EFA97EB1-83F3-47EB-8EFF-2156FB8E0196}.ReleaseDbg|x86.Build.0 = Release|Any CPU
		{FEB584BC-0768-4BED-8380-053C11609BFF}.Debug|Any CPU.ActiveCfg = Debug|Any CPU
		{FEB584BC-0768-4BED-8380-053C11609BFF}.Debug|Any CPU.Build.0 = Debug|Any CPU
		{FEB584BC-0768-4BED-8380-053C11609BFF}.Debug|x64.ActiveCfg = Debug|x64
		{FEB584BC-0768-4BED-8380-053C11609BFF}.Debug|x64.Build.0 = Debug|x64
		{FEB584BC-0768-4BED-8380-053C11609BFF}.Debug|x86.ActiveCfg = Debug|Any CPU
		{FEB584BC-0768-4BED-8380-053C11609BFF}.Debug|x86.Build.0 = Debug|Any CPU
		{FEB584BC-0768-4BED-8380-053C11609BFF}.Release|Any CPU.ActiveCfg = Release|Any CPU
		{FEB584BC-0768-4BED-8380-053C11609BFF}.Release|Any CPU.Build.0 = Release|Any CPU
		{FEB584BC-0768-4BED-8380-053C11609BFF}.Release|x64.ActiveCfg = Release|x64
		{FEB584BC-0768-4BED-8380-053C11609BFF}.Release|x64.Build.0 = Release|x64
		{FEB584BC-0768-4BED-8380-053C11609BFF}.Release|x86.ActiveCfg = Release|Any CPU
		{FEB584BC-0768-4BED-8380-053C11609BFF}.Release|x86.Build.0 = Release|Any CPU
		{FEB584BC-0768-4BED-8380-053C11609BFF}.ReleaseDbg|Any CPU.ActiveCfg = Release|Any CPU
		{FEB584BC-0768-4BED-8380-053C11609BFF}.ReleaseDbg|Any CPU.Build.0 = Release|Any CPU
		{FEB584BC-0768-4BED-8380-053C11609BFF}.ReleaseDbg|x64.ActiveCfg = Release|Any CPU
		{FEB584BC-0768-4BED-8380-053C11609BFF}.ReleaseDbg|x64.Build.0 = Release|Any CPU
		{FEB584BC-0768-4BED-8380-053C11609BFF}.ReleaseDbg|x86.ActiveCfg = Release|Any CPU
		{FEB584BC-0768-4BED-8380-053C11609BFF}.ReleaseDbg|x86.Build.0 = Release|Any CPU
	EndGlobalSection
	GlobalSection(SolutionProperties) = preSolution
		HideSolutionNode = FALSE
	EndGlobalSection
	GlobalSection(ExtensibilityGlobals) = postSolution
		SolutionGuid = {AF70A64E-BC67-4FC0-8B5E-33461596E125}
	EndGlobalSection
EndGlobal
